
Microsoft Visual Studio Solution File, Format Version 12.00
# Visual Studio Version 16
VisualStudioVersion = 16.0.32510.428
MinimumVisualStudioVersion = 10.0.40219.1
Project("{9A19103F-16F7-4668-BE54-9A1E7A4F7556}") = "CurrencyExchangeService.API", "CurrencyExchangeService.API\CurrencyExchangeService.API.csproj", "{F8A231F1-04ED-4914-8343-81A8484EFD6A}"
EndProject
Project("{9A19103F-16F7-4668-BE54-9A1E7A4F7556}") = "CurrencyExchangeService.Business", "CurrencyExchangeService.Business\CurrencyExchangeService.Business.csproj", "{DF38E7CE-F431-46D0-AFF2-7EBCB7DCD546}"
EndProject
Project("{9A19103F-16F7-4668-BE54-9A1E7A4F7556}") = "CurrencyExchangeService.Data", "CurrencyExchangeService.Data\CurrencyExchangeService.Data.csproj", "{DA3BC535-6886-4AB6-B4AE-EF0B0AECB2D3}"
EndProject
Project("{FAE04EC0-301F-11D3-BF4B-00C04F79EFBC}") = "CurrencyExchangeService.UnitTests", "CurrencyExchangeService.UnitTests\CurrencyExchangeService.UnitTests.csproj", "{2E1C7BD5-80F3-4DE9-A30B-A6B64D792F6D}"
EndProject
Global
	GlobalSection(SolutionConfigurationPlatforms) = preSolution
		Debug|Any CPU = Debug|Any CPU
		Release|Any CPU = Release|Any CPU
	EndGlobalSection
	GlobalSection(ProjectConfigurationPlatforms) = postSolution
		{F8A231F1-04ED-4914-8343-81A8484EFD6A}.Debug|Any CPU.ActiveCfg = Debug|Any CPU
		{F8A231F1-04ED-4914-8343-81A8484EFD6A}.Debug|Any CPU.Build.0 = Debug|Any CPU
		{F8A231F1-04ED-4914-8343-81A8484EFD6A}.Release|Any CPU.ActiveCfg = Release|Any CPU
		{F8A231F1-04ED-4914-8343-81A8484EFD6A}.Release|Any CPU.Build.0 = Release|Any CPU
		{DF38E7CE-F431-46D0-AFF2-7EBCB7DCD546}.Debug|Any CPU.ActiveCfg = Debug|Any CPU
		{DF38E7CE-F431-46D0-AFF2-7EBCB7DCD546}.Debug|Any CPU.Build.0 = Debug|Any CPU
		{DF38E7CE-F431-46D0-AFF2-7EBCB7DCD546}.Release|Any CPU.ActiveCfg = Release|Any CPU
		{DF38E7CE-F431-46D0-AFF2-7EBCB7DCD546}.Release|Any CPU.Build.0 = Release|Any CPU
		{DA3BC535-6886-4AB6-B4AE-EF0B0AECB2D3}.Debug|Any CPU.ActiveCfg = Debug|Any CPU
		{DA3BC535-6886-4AB6-B4AE-EF0B0AECB2D3}.Debug|Any CPU.Build.0 = Debug|Any CPU
		{DA3BC535-6886-4AB6-B4AE-EF0B0AECB2D3}.Release|Any CPU.ActiveCfg = Release|Any CPU
		{DA3BC535-6886-4AB6-B4AE-EF0B0AECB2D3}.Release|Any CPU.Build.0 = Release|Any CPU
		{2E1C7BD5-80F3-4DE9-A30B-A6B64D792F6D}.Debug|Any CPU.ActiveCfg = Debug|Any CPU
		{2E1C7BD5-80F3-4DE9-A30B-A6B64D792F6D}.Debug|Any CPU.Build.0 = Debug|Any CPU
		{2E1C7BD5-80F3-4DE9-A30B-A6B64D792F6D}.Release|Any CPU.ActiveCfg = Release|Any CPU
		{2E1C7BD5-80F3-4DE9-A30B-A6B64D792F6D}.Release|Any CPU.Build.0 = Release|Any CPU
	EndGlobalSection
	GlobalSection(SolutionProperties) = preSolution
		HideSolutionNode = FALSE
	EndGlobalSection
	GlobalSection(ExtensibilityGlobals) = postSolution
		SolutionGuid = {16D16554-C42E-4515-AE10-F9DE2F4B6956}
	EndGlobalSection
EndGlobal
